
Microsoft Visual Studio Solution File, Format Version 12.00
# Visual Studio Version 17
VisualStudioVersion = 17.8.34511.84
MinimumVisualStudioVersion = 10.0.40219.1
Project("{FAE04EC0-301F-11D3-BF4B-00C04F79EFBC}") = "JWTAuthentication", "JWTAuthentication.csproj", "{9495566B-B639-4650-AD18-DE9D82C2A338}"
EndProject
Global
	GlobalSection(SolutionConfigurationPlatforms) = preSolution
		Debug|Any CPU = Debug|Any CPU
		Release|Any CPU = Release|Any CPU
	EndGlobalSection
	GlobalSection(ProjectConfigurationPlatforms) = postSolution
		{9495566B-B639-4650-AD18-DE9D82C2A338}.Debug|Any CPU.ActiveCfg = Debug|Any CPU
		{9495566B-B639-4650-AD18-DE9D82C2A338}.Debug|Any CPU.Build.0 = Debug|Any CPU
		{9495566B-B639-4650-AD18-DE9D82C2A338}.Release|Any CPU.ActiveCfg = Release|Any CPU
		{9495566B-B639-4650-AD18-DE9D82C2A338}.Release|Any CPU.Build.0 = Release|Any CPU
	EndGlobalSection
	GlobalSection(SolutionProperties) = preSolution
		HideSolutionNode = FALSE
	EndGlobalSection
	GlobalSection(ExtensibilityGlobals) = postSolution
		SolutionGuid = {5D8B12B3-5F73-4A14-9D3D-357CCEAD7A6D}
	EndGlobalSection
EndGlobal
